
Microsoft Visual Studio Solution File, Format Version 12.00
# Visual Studio Version 16
VisualStudioVersion = 16.0.32106.194
MinimumVisualStudioVersion = 10.0.40219.1
Project("{FAE04EC0-301F-11D3-BF4B-00C04F79EFBC}") = "PresentacionesTienda", "PresentacionesTienda\PresentacionesTienda.csproj", "{FD82E411-AA5C-467C-8CBA-CF5554BB35A7}"
EndProject
Project("{FAE04EC0-301F-11D3-BF4B-00C04F79EFBC}") = "ManejadoresTienda", "ManejadoresTienda\ManejadoresTienda.csproj", "{D37555AD-90EF-4A06-922E-D8F9BBCA4B45}"
EndProject
Project("{FAE04EC0-301F-11D3-BF4B-00C04F79EFBC}") = "EntidadesTienda", "EntidadesTienda\EntidadesTienda.csproj", "{5E71D3A5-8B8C-436E-8C57-6EC73DCA1C13}"
EndProject
Project("{FAE04EC0-301F-11D3-BF4B-00C04F79EFBC}") = "AccesoDatosTienda", "AccesoDatosTienda\AccesoDatosTienda.csproj", "{A87B61FD-F6F3-4798-8A8F-CB09D6C8F561}"
EndProject
Global
	GlobalSection(SolutionConfigurationPlatforms) = preSolution
		Debug|Any CPU = Debug|Any CPU
		Release|Any CPU = Release|Any CPU
	EndGlobalSection
	GlobalSection(ProjectConfigurationPlatforms) = postSolution
		{FD82E411-AA5C-467C-8CBA-CF5554BB35A7}.Debug|Any CPU.ActiveCfg = Debug|Any CPU
		{FD82E411-AA5C-467C-8CBA-CF5554BB35A7}.Debug|Any CPU.Build.0 = Debug|Any CPU
		{FD82E411-AA5C-467C-8CBA-CF5554BB35A7}.Release|Any CPU.ActiveCfg = Release|Any CPU
		{FD82E411-AA5C-467C-8CBA-CF5554BB35A7}.Release|Any CPU.Build.0 = Release|Any CPU
		{D37555AD-90EF-4A06-922E-D8F9BBCA4B45}.Debug|Any CPU.ActiveCfg = Debug|Any CPU
		{D37555AD-90EF-4A06-922E-D8F9BBCA4B45}.Debug|Any CPU.Build.0 = Debug|Any CPU
		{D37555AD-90EF-4A06-922E-D8F9BBCA4B45}.Release|Any CPU.ActiveCfg = Release|Any CPU
		{D37555AD-90EF-4A06-922E-D8F9BBCA4B45}.Release|Any CPU.Build.0 = Release|Any CPU
		{5E71D3A5-8B8C-436E-8C57-6EC73DCA1C13}.Debug|Any CPU.ActiveCfg = Debug|Any CPU
		{5E71D3A5-8B8C-436E-8C57-6EC73DCA1C13}.Debug|Any CPU.Build.0 = Debug|Any CPU
		{5E71D3A5-8B8C-436E-8C57-6EC73DCA1C13}.Release|Any CPU.ActiveCfg = Release|Any CPU
		{5E71D3A5-8B8C-436E-8C57-6EC73DCA1C13}.Release|Any CPU.Build.0 = Release|Any CPU
		{A87B61FD-F6F3-4798-8A8F-CB09D6C8F561}.Debug|Any CPU.ActiveCfg = Debug|Any CPU
		{A87B61FD-F6F3-4798-8A8F-CB09D6C8F561}.Debug|Any CPU.Build.0 = Debug|Any CPU
		{A87B61FD-F6F3-4798-8A8F-CB09D6C8F561}.Release|Any CPU.ActiveCfg = Release|Any CPU
		{A87B61FD-F6F3-4798-8A8F-CB09D6C8F561}.Release|Any CPU.Build.0 = Release|Any CPU
	EndGlobalSection
	GlobalSection(SolutionProperties) = preSolution
		HideSolutionNode = FALSE
	EndGlobalSection
	GlobalSection(ExtensibilityGlobals) = postSolution
		SolutionGuid = {10A3F05F-06D1-4B72-9D6F-B482AF6409D2}
	EndGlobalSection
EndGlobal
